// !$*UTF8*$!
{
	archiveVersion = 1;
	classes = {
	};
	objectVersion = 77;
	objects = {

/* Begin PBXBuildFile section */
		2BBDF5BA2E6D379B0006186F /* SnapKit in Frameworks */ = {isa = PBXBuildFile; productRef = 2BBDF5B92E6D379B0006186F /* SnapKit */; };
/* End PBXBuildFile section */

/* Begin PBXContainerItemProxy section */
		2B16274D2E6BE162008A6507 /* PBXContainerItemProxy */ = {
			isa = PBXContainerItemProxy;
			containerPortal = 2B16272E2E6BE15F008A6507 /* Project object */;
			proxyType = 1;
			remoteGlobalIDString = 2B1627352E6BE15F008A6507;
			remoteInfo = CatAlert;
		};
		2B1627572E6BE162008A6507 /* PBXContainerItemProxy */ = {
			isa = PBXContainerItemProxy;
			containerPortal = 2B16272E2E6BE15F008A6507 /* Project object */;
			proxyType = 1;
			remoteGlobalIDString = 2B1627352E6BE15F008A6507;
			remoteInfo = CatAlert;
		};
/* End PBXContainerItemProxy section */

/* Begin PBXFileReference section */
		2B1627362E6BE15F008A6507 /* CatAlert.app */ = {isa = PBXFileReference; explicitFileType = wrapper.application; includeInIndex = 0; path = CatAlert.app; sourceTree = BUILT_PRODUCTS_DIR; };
		2B16274C2E6BE162008A6507 /* CatAlertTests.xctest */ = {isa = PBXFileReference; explicitFileType = wrapper.cfbundle; includeInIndex = 0; path = CatAlertTests.xctest; sourceTree = BUILT_PRODUCTS_DIR; };
		2B1627562E6BE162008A6507 /* CatAlertUITests.xctest */ = {isa = PBXFileReference; explicitFileType = wrapper.cfbundle; includeInIndex = 0; path = CatAlertUITests.xctest; sourceTree = BUILT_PRODUCTS_DIR; };
/* End PBXFileReference section */

/* Begin PBXFileSystemSynchronizedBuildFileExceptionSet section */
		BEB262CF2E87843F009E1C80 /* Exceptions for "CatAlert" folder in "CatAlert" target */ = {
			isa = PBXFileSystemSynchronizedBuildFileExceptionSet;
			membershipExceptions = (
				"/Localized: LaunchScreen.storyboard",
				"/Localized: Main.storyboard",
				AppDelegate.swift,
				Assets.xcassets,
				CatAlbumCell.swift,
				CatCareCell.swift,
				CatDailyCareViewController.swift,
				CatInfoCell.swift,
				CatInfoHalfView.swift,
				CatInfoMiddleView.swift,
				CatInfoSegmentTableController.swift,
				CatModel.swift,
				CatPhotoGalleryCell.swift,
				CatProfileViewController.swift,
				CatSegmentCell.swift,
				CatStatus/CatCurrentStatusViewController.swift,
				CatStatus/CatInfoHeaderView.swift,
				CatStatus/CatStatusCardView.swift,
				CatStatus/FeedingTaskCard.swift,
				CatStatus/ProgressIndicator.swift,
				CatStatus/TaskCardView.swift,
				CatStatus/TodayTasksSectionView.swift,
				CatStatus/WaterTaskCard.swift,
				CatStatusCell.swift,
				CatTabbarController.swift,
				CatViewModel.swift,
				ImageReader.swift,
				IMG_4933.JPG,
				IMG_5771.JPG,
				IMG_6317.JPG,
				IMG_6364.JPG,
				IMG_7585.JPG,
				IMG_7595.JPG,
				Model/CatSimpleInfoModel.swift,
				Model/HealthCondition.swift,
				Model/TaskProgress.swift,
				PinkbackGround.webp,
				Reminder/AddReminderViewController.swift,
				Reminder/EditReminderViewController.swift,
				Reminder/ReminderSettingsViewController.swift,
				Reminder/ReminderTypeSelectionViewController.swift,
				SceneDelegate.swift,
				ViewController.swift,
			);
			target = 2B1627352E6BE15F008A6507 /* CatAlert */;
		};
		BEB262D02E87843F009E1C80 /* Exceptions for "CatAlert" folder in "CatAlertTests" target */ = {
			isa = PBXFileSystemSynchronizedBuildFileExceptionSet;
			membershipExceptions = (
				"/Localized: LaunchScreen.storyboard",
				"/Localized: Main.storyboard",
				AppDelegate.swift,
				Assets.xcassets,
				CatAlbumCell.swift,
				CatCareCell.swift,
				CatDailyCareViewController.swift,
				CatInfoCell.swift,
				CatInfoHalfView.swift,
				CatInfoMiddleView.swift,
				CatInfoSegmentTableController.swift,
				CatModel.swift,
				CatPhotoGalleryCell.swift,
				CatProfileViewController.swift,
				CatSegmentCell.swift,
				CatStatus/CatCurrentStatusViewController.swift,
				CatStatus/CatInfoHeaderView.swift,
				CatStatus/CatStatusCardView.swift,
				CatStatus/FeedingTaskCard.swift,
				CatStatus/ProgressIndicator.swift,
				CatStatus/TaskCardView.swift,
				CatStatus/TodayTasksSectionView.swift,
				CatStatus/WaterTaskCard.swift,
				CatStatusCell.swift,
				CatTabbarController.swift,
				CatViewModel.swift,
				ImageReader.swift,
				IMG_4933.JPG,
				IMG_5771.JPG,
				IMG_6317.JPG,
				IMG_6364.JPG,
				IMG_7585.JPG,
				IMG_7595.JPG,
				Info.plist,
				Model/HealthCondition.swift,
				PinkbackGround.webp,
				Reminder/AddReminderViewController.swift,
				Reminder/EditReminderViewController.swift,
				Reminder/ReminderSettingsViewController.swift,
				Reminder/ReminderTypeSelectionViewController.swift,
				SceneDelegate.swift,
				ViewController.swift,
			);
			target = 2B16274B2E6BE162008A6507 /* CatAlertTests */;
		};
/* End PBXFileSystemSynchronizedBuildFileExceptionSet section */

/* Begin PBXFileSystemSynchronizedRootGroup section */
		2B16274F2E6BE162008A6507 /* CatAlertTests */ = {
			isa = PBXFileSystemSynchronizedRootGroup;
			path = CatAlertTests;
			sourceTree = "<group>";
		};
		2B1627592E6BE162008A6507 /* CatAlertUITests */ = {
			isa = PBXFileSystemSynchronizedRootGroup;
			path = CatAlertUITests;
			sourceTree = "<group>";
		};
		BEB262A42E87843F009E1C80 /* CatAlert */ = {
			isa = PBXFileSystemSynchronizedRootGroup;
			exceptions = (
				BEB262CF2E87843F009E1C80 /* Exceptions for "CatAlert" folder in "CatAlert" target */,
				BEB262D02E87843F009E1C80 /* Exceptions for "CatAlert" folder in "CatAlertTests" target */,
			);
			path = CatAlert;
			sourceTree = "<group>";
		};
/* End PBXFileSystemSynchronizedRootGroup section */

/* Begin PBXFrameworksBuildPhase section */
		2B1627332E6BE15F008A6507 /* Frameworks */ = {
			isa = PBXFrameworksBuildPhase;
			buildActionMask = 2147483647;
			files = (
				2BBDF5BA2E6D379B0006186F /* SnapKit in Frameworks */,
			);
			runOnlyForDeploymentPostprocessing = 0;
		};
		2B1627492E6BE162008A6507 /* Frameworks */ = {
			isa = PBXFrameworksBuildPhase;
			buildActionMask = 2147483647;
			files = (
			);
			runOnlyForDeploymentPostprocessing = 0;
		};
		2B1627532E6BE162008A6507 /* Frameworks */ = {
			isa = PBXFrameworksBuildPhase;
			buildActionMask = 2147483647;
			files = (
			);
			runOnlyForDeploymentPostprocessing = 0;
		};
/* End PBXFrameworksBuildPhase section */

/* Begin PBXGroup section */
		2B16272D2E6BE15F008A6507 = {
			isa = PBXGroup;
			children = (
				BEB262A42E87843F009E1C80 /* CatAlert */,
				2B16274F2E6BE162008A6507 /* CatAlertTests */,
				2B1627592E6BE162008A6507 /* CatAlertUITests */,
				2B1627372E6BE15F008A6507 /* Products */,
			);
			sourceTree = "<group>";
		};
		2B1627372E6BE15F008A6507 /* Products */ = {
			isa = PBXGroup;
			children = (
				2B1627362E6BE15F008A6507 /* CatAlert.app */,
				2B16274C2E6BE162008A6507 /* CatAlertTests.xctest */,
				2B1627562E6BE162008A6507 /* CatAlertUITests.xctest */,
			);
			name = Products;
			sourceTree = "<group>";
		};
/* End PBXGroup section */

/* Begin PBXNativeTarget section */
		2B1627352E6BE15F008A6507 /* CatAlert */ = {
			isa = PBXNativeTarget;
			buildConfigurationList = 2B16275F2E6BE162008A6507 /* Build configuration list for PBXNativeTarget "CatAlert" */;
			buildPhases = (
				2B1627322E6BE15F008A6507 /* Sources */,
				2B1627332E6BE15F008A6507 /* Frameworks */,
				2B1627342E6BE15F008A6507 /* Resources */,
			);
			buildRules = (
			);
			dependencies = (
			);
			name = CatAlert;
			packageProductDependencies = (
				2BBDF5B92E6D379B0006186F /* SnapKit */,
			);
			productName = CatAlert;
			productReference = 2B1627362E6BE15F008A6507 /* CatAlert.app */;
			productType = "com.apple.product-type.application";
		};
		2B16274B2E6BE162008A6507 /* CatAlertTests */ = {
			isa = PBXNativeTarget;
			buildConfigurationList = 2B1627642E6BE162008A6507 /* Build configuration list for PBXNativeTarget "CatAlertTests" */;
			buildPhases = (
				2B1627482E6BE162008A6507 /* Sources */,
				2B1627492E6BE162008A6507 /* Frameworks */,
				2B16274A2E6BE162008A6507 /* Resources */,
			);
			buildRules = (
			);
			dependencies = (
				2B16274E2E6BE162008A6507 /* PBXTargetDependency */,
			);
			fileSystemSynchronizedGroups = (
				2B16274F2E6BE162008A6507 /* CatAlertTests */,
				BEB262A42E87843F009E1C80 /* CatAlert */,
			);
			name = CatAlertTests;
			packageProductDependencies = (
			);
			productName = CatAlertTests;
			productReference = 2B16274C2E6BE162008A6507 /* CatAlertTests.xctest */;
			productType = "com.apple.product-type.bundle.unit-test";
		};
		2B1627552E6BE162008A6507 /* CatAlertUITests */ = {
			isa = PBXNativeTarget;
			buildConfigurationList = 2B1627672E6BE162008A6507 /* Build configuration list for PBXNativeTarget "CatAlertUITests" */;
			buildPhases = (
				2B1627522E6BE162008A6507 /* Sources */,
				2B1627532E6BE162008A6507 /* Frameworks */,
				2B1627542E6BE162008A6507 /* Resources */,
			);
			buildRules = (
			);
			dependencies = (
				2B1627582E6BE162008A6507 /* PBXTargetDependency */,
			);
			fileSystemSynchronizedGroups = (
				2B1627592E6BE162008A6507 /* CatAlertUITests */,
			);
			name = CatAlertUITests;
			packageProductDependencies = (
			);
			productName = CatAlertUITests;
			productReference = 2B1627562E6BE162008A6507 /* CatAlertUITests.xctest */;
			productType = "com.apple.product-type.bundle.ui-testing";
		};
/* End PBXNativeTarget section */

/* Begin PBXProject section */
		2B16272E2E6BE15F008A6507 /* Project object */ = {
			isa = PBXProject;
			attributes = {
				BuildIndependentTargetsInParallel = 1;
				LastSwiftUpdateCheck = 1610;
				LastUpgradeCheck = 1610;
				TargetAttributes = {
					2B1627352E6BE15F008A6507 = {
						CreatedOnToolsVersion = 16.1;
					};
					2B16274B2E6BE162008A6507 = {
						CreatedOnToolsVersion = 16.1;
						TestTargetID = 2B1627352E6BE15F008A6507;
					};
					2B1627552E6BE162008A6507 = {
						CreatedOnToolsVersion = 16.1;
						TestTargetID = 2B1627352E6BE15F008A6507;
					};
				};
			};
			buildConfigurationList = 2B1627312E6BE15F008A6507 /* Build configuration list for PBXProject "CatAlert" */;
			developmentRegion = en;
			hasScannedForEncodings = 0;
			knownRegions = (
				en,
				Base,
			);
			mainGroup = 2B16272D2E6BE15F008A6507;
			minimizedProjectReferenceProxies = 1;
			packageReferences = (
				2BBDF5B82E6D379B0006186F /* XCRemoteSwiftPackageReference "SnapKit" */,
			);
			preferredProjectObjectVersion = 77;
			productRefGroup = 2B1627372E6BE15F008A6507 /* Products */;
			projectDirPath = "";
			projectRoot = "";
			targets = (
				2B1627352E6BE15F008A6507 /* CatAlert */,
				2B16274B2E6BE162008A6507 /* CatAlertTests */,
				2B1627552E6BE162008A6507 /* CatAlertUITests */,
			);
		};
/* End PBXProject section */

/* Begin PBXResourcesBuildPhase section */
		2B1627342E6BE15F008A6507 /* Resources */ = {
			isa = PBXResourcesBuildPhase;
			buildActionMask = 2147483647;
			files = (
			);
			runOnlyForDeploymentPostprocessing = 0;
		};
		2B16274A2E6BE162008A6507 /* Resources */ = {
			isa = PBXResourcesBuildPhase;
			buildActionMask = 2147483647;
			files = (
			);
			runOnlyForDeploymentPostprocessing = 0;
		};
		2B1627542E6BE162008A6507 /* Resources */ = {
			isa = PBXResourcesBuildPhase;
			buildActionMask = 2147483647;
			files = (
			);
			runOnlyForDeploymentPostprocessing = 0;
		};
/* End PBXResourcesBuildPhase section */

/* Begin PBXSourcesBuildPhase section */
		2B1627322E6BE15F008A6507 /* Sources */ = {
			isa = PBXSourcesBuildPhase;
			buildActionMask = 2147483647;
			files = (
			);
			runOnlyForDeploymentPostprocessing = 0;
		};
		2B1627482E6BE162008A6507 /* Sources */ = {
			isa = PBXSourcesBuildPhase;
			buildActionMask = 2147483647;
			files = (
			);
			runOnlyForDeploymentPostprocessing = 0;
		};
		2B1627522E6BE162008A6507 /* Sources */ = {
			isa = PBXSourcesBuildPhase;
			buildActionMask = 2147483647;
			files = (
			);
			runOnlyForDeploymentPostprocessing = 0;
		};
/* End PBXSourcesBuildPhase section */

/* Begin PBXTargetDependency section */
		2B16274E2E6BE162008A6507 /* PBXTargetDependency */ = {
			isa = PBXTargetDependency;
			target = 2B1627352E6BE15F008A6507 /* CatAlert */;
			targetProxy = 2B16274D2E6BE162008A6507 /* PBXContainerItemProxy */;
		};
		2B1627582E6BE162008A6507 /* PBXTargetDependency */ = {
			isa = PBXTargetDependency;
			target = 2B1627352E6BE15F008A6507 /* CatAlert */;
			targetProxy = 2B1627572E6BE162008A6507 /* PBXContainerItemProxy */;
		};
/* End PBXTargetDependency section */

/* Begin XCBuildConfiguration section */
		2B1627602E6BE162008A6507 /* Debug */ = {
			isa = XCBuildConfiguration;
			buildSettings = {
				ASSETCATALOG_COMPILER_APPICON_NAME = AppIcon;
				ASSETCATALOG_COMPILER_GLOBAL_ACCENT_COLOR_NAME = AccentColor;
				CODE_SIGN_STYLE = Automatic;
				CURRENT_PROJECT_VERSION = 1;
				DEVELOPMENT_TEAM = CLD6TKPDX4;
				GENERATE_INFOPLIST_FILE = YES;
				INFOPLIST_FILE = CatAlert/Info.plist;
				INFOPLIST_KEY_UIApplicationSupportsIndirectInputEvents = YES;
				INFOPLIST_KEY_UILaunchStoryboardName = LaunchScreen;
				INFOPLIST_KEY_UIMainStoryboardFile = Main;
				INFOPLIST_KEY_UISupportedInterfaceOrientations_iPad = "UIInterfaceOrientationPortrait UIInterfaceOrientationPortraitUpsideDown UIInterfaceOrientationLandscapeLeft UIInterfaceOrientationLandscapeRight";
				INFOPLIST_KEY_UISupportedInterfaceOrientations_iPhone = "UIInterfaceOrientationPortrait UIInterfaceOrientationLandscapeLeft UIInterfaceOrientationLandscapeRight";
				LD_RUNPATH_SEARCH_PATHS = (
					"$(inherited)",
					"@executable_path/Frameworks",
				);
				MARKETING_VERSION = 1.0;
				PRODUCT_BUNDLE_IDENTIFIER = wuyawei.djdaddy.CatAlert;
				PRODUCT_NAME = "$(TARGET_NAME)";
				SWIFT_EMIT_LOC_STRINGS = YES;
				SWIFT_VERSION = 5.0;
				TARGETED_DEVICE_FAMILY = "1,2";
			};
			name = Debug;
		};
		2B1627612E6BE162008A6507 /* Release */ = {
			isa = XCBuildConfiguration;
			buildSettings = {
				ASSETCATALOG_COMPILER_APPICON_NAME = AppIcon;
				ASSETCATALOG_COMPILER_GLOBAL_ACCENT_COLOR_NAME = AccentColor;
				CODE_SIGN_STYLE = Automatic;
				CURRENT_PROJECT_VERSION = 1;
				DEVELOPMENT_TEAM = CLD6TKPDX4;
				GENERATE_INFOPLIST_FILE = YES;
				INFOPLIST_FILE = CatAlert/Info.plist;
				INFOPLIST_KEY_UIApplicationSupportsIndirectInputEvents = YES;
				INFOPLIST_KEY_UILaunchStoryboardName = LaunchScreen;
				INFOPLIST_KEY_UIMainStoryboardFile = Main;
				INFOPLIST_KEY_UISupportedInterfaceOrientations_iPad = "UIInterfaceOrientationPortrait UIInterfaceOrientationPortraitUpsideDown UIInterfaceOrientationLandscapeLeft UIInterfaceOrientationLandscapeRight";
				INFOPLIST_KEY_UISupportedInterfaceOrientations_iPhone = "UIInterfaceOrientationPortrait UIInterfaceOrientationLandscapeLeft UIInterfaceOrientationLandscapeRight";
				LD_RUNPATH_SEARCH_PATHS = (
					"$(inherited)",
					"@executable_path/Frameworks",
				);
				MARKETING_VERSION = 1.0;
				PRODUCT_BUNDLE_IDENTIFIER = wuyawei.djdaddy.CatAlert;
				PRODUCT_NAME = "$(TARGET_NAME)";
				SWIFT_EMIT_LOC_STRINGS = YES;
				SWIFT_VERSION = 5.0;
				TARGETED_DEVICE_FAMILY = "1,2";
			};
			name = Release;
		};
		2B1627622E6BE162008A6507 /* Debug */ = {
			isa = XCBuildConfiguration;
			buildSettings = {
				ALWAYS_SEARCH_USER_PATHS = NO;
				ASSETCATALOG_COMPILER_GENERATE_SWIFT_ASSET_SYMBOL_EXTENSIONS = YES;
				CLANG_ANALYZER_NONNULL = YES;
				CLANG_ANALYZER_NUMBER_OBJECT_CONVERSION = YES_AGGRESSIVE;
				CLANG_CXX_LANGUAGE_STANDARD = "gnu++20";
				CLANG_ENABLE_MODULES = YES;
				CLANG_ENABLE_OBJC_ARC = YES;
				CLANG_ENABLE_OBJC_WEAK = YES;
				CLANG_WARN_BLOCK_CAPTURE_AUTORELEASING = YES;
				CLANG_WARN_BOOL_CONVERSION = YES;
				CLANG_WARN_COMMA = YES;
				CLANG_WARN_CONSTANT_CONVERSION = YES;
				CLANG_WARN_DEPRECATED_OBJC_IMPLEMENTATIONS = YES;
				CLANG_WARN_DIRECT_OBJC_ISA_USAGE = YES_ERROR;
				CLANG_WARN_DOCUMENTATION_COMMENTS = YES;
				CLANG_WARN_EMPTY_BODY = YES;
				CLANG_WARN_ENUM_CONVERSION = YES;
				CLANG_WARN_INFINITE_RECURSION = YES;
				CLANG_WARN_INT_CONVERSION = YES;
				CLANG_WARN_NON_LITERAL_NULL_CONVERSION = YES;
				CLANG_WARN_OBJC_IMPLICIT_RETAIN_SELF = YES;
				CLANG_WARN_OBJC_LITERAL_CONVERSION = YES;
				CLANG_WARN_OBJC_ROOT_CLASS = YES_ERROR;
				CLANG_WARN_QUOTED_INCLUDE_IN_FRAMEWORK_HEADER = YES;
				CLANG_WARN_RANGE_LOOP_ANALYSIS = YES;
				CLANG_WARN_STRICT_PROTOTYPES = YES;
				CLANG_WARN_SUSPICIOUS_MOVE = YES;
				CLANG_WARN_UNGUARDED_AVAILABILITY = YES_AGGRESSIVE;
				CLANG_WARN_UNREACHABLE_CODE = YES;
				CLANG_WARN__DUPLICATE_METHOD_MATCH = YES;
				COPY_PHASE_STRIP = NO;
				DEBUG_INFORMATION_FORMAT = dwarf;
				ENABLE_STRICT_OBJC_MSGSEND = YES;
				ENABLE_TESTABILITY = YES;
				ENABLE_USER_SCRIPT_SANDBOXING = YES;
				GCC_C_LANGUAGE_STANDARD = gnu17;
				GCC_DYNAMIC_NO_PIC = NO;
				GCC_NO_COMMON_BLOCKS = YES;
				GCC_OPTIMIZATION_LEVEL = 0;
				GCC_PREPROCESSOR_DEFINITIONS = (
					"DEBUG=1",
					"$(inherited)",
				);
				GCC_WARN_64_TO_32_BIT_CONVERSION = YES;
				GCC_WARN_ABOUT_RETURN_TYPE = YES_ERROR;
				GCC_WARN_UNDECLARED_SELECTOR = YES;
				GCC_WARN_UNINITIALIZED_AUTOS = YES_AGGRESSIVE;
				GCC_WARN_UNUSED_FUNCTION = YES;
				GCC_WARN_UNUSED_VARIABLE = YES;
				IPHONEOS_DEPLOYMENT_TARGET = 18.1;
				LOCALIZATION_PREFERS_STRING_CATALOGS = YES;
				MTL_ENABLE_DEBUG_INFO = INCLUDE_SOURCE;
				MTL_FAST_MATH = YES;
				ONLY_ACTIVE_ARCH = YES;
				SDKROOT = iphoneos;
				SWIFT_ACTIVE_COMPILATION_CONDITIONS = "DEBUG $(inherited)";
				SWIFT_OPTIMIZATION_LEVEL = "-Onone";
			};
			name = Debug;
		};
		2B1627632E6BE162008A6507 /* Release */ = {
			isa = XCBuildConfiguration;
			buildSettings = {
				ALWAYS_SEARCH_USER_PATHS = NO;
				ASSETCATALOG_COMPILER_GENERATE_SWIFT_ASSET_SYMBOL_EXTENSIONS = YES;
				CLANG_ANALYZER_NONNULL = YES;
				CLANG_ANALYZER_NUMBER_OBJECT_CONVERSION = YES_AGGRESSIVE;
				CLANG_CXX_LANGUAGE_STANDARD = "gnu++20";
				CLANG_ENABLE_MODULES = YES;
				CLANG_ENABLE_OBJC_ARC = YES;
				CLANG_ENABLE_OBJC_WEAK = YES;
				CLANG_WARN_BLOCK_CAPTURE_AUTORELEASING = YES;
				CLANG_WARN_BOOL_CONVERSION = YES;
				CLANG_WARN_COMMA = YES;
				CLANG_WARN_CONSTANT_CONVERSION = YES;
				CLANG_WARN_DEPRECATED_OBJC_IMPLEMENTATIONS = YES;
				CLANG_WARN_DIRECT_OBJC_ISA_USAGE = YES_ERROR;
				CLANG_WARN_DOCUMENTATION_COMMENTS = YES;
				CLANG_WARN_EMPTY_BODY = YES;
				CLANG_WARN_ENUM_CONVERSION = YES;
				CLANG_WARN_INFINITE_RECURSION = YES;
				CLANG_WARN_INT_CONVERSION = YES;
				CLANG_WARN_NON_LITERAL_NULL_CONVERSION = YES;
				CLANG_WARN_OBJC_IMPLICIT_RETAIN_SELF = YES;
				CLANG_WARN_OBJC_LITERAL_CONVERSION = YES;
				CLANG_WARN_OBJC_ROOT_CLASS = YES_ERROR;
				CLANG_WARN_QUOTED_INCLUDE_IN_FRAMEWORK_HEADER = YES;
				CLANG_WARN_RANGE_LOOP_ANALYSIS = YES;
				CLANG_WARN_STRICT_PROTOTYPES = YES;
				CLANG_WARN_SUSPICIOUS_MOVE = YES;
				CLANG_WARN_UNGUARDED_AVAILABILITY = YES_AGGRESSIVE;
				CLANG_WARN_UNREACHABLE_CODE = YES;
				CLANG_WARN__DUPLICATE_METHOD_MATCH = YES;
				COPY_PHASE_STRIP = NO;
				DEBUG_INFORMATION_FORMAT = "dwarf-with-dsym";
				ENABLE_NS_ASSERTIONS = NO;
				ENABLE_STRICT_OBJC_MSGSEND = YES;
				ENABLE_USER_SCRIPT_SANDBOXING = YES;
				GCC_C_LANGUAGE_STANDARD = gnu17;
				GCC_NO_COMMON_BLOCKS = YES;
				GCC_WARN_64_TO_32_BIT_CONVERSION = YES;
				GCC_WARN_ABOUT_RETURN_TYPE = YES_ERROR;
				GCC_WARN_UNDECLARED_SELECTOR = YES;
				GCC_WARN_UNINITIALIZED_AUTOS = YES_AGGRESSIVE;
				GCC_WARN_UNUSED_FUNCTION = YES;
				GCC_WARN_UNUSED_VARIABLE = YES;
				IPHONEOS_DEPLOYMENT_TARGET = 18.1;
				LOCALIZATION_PREFERS_STRING_CATALOGS = YES;
				MTL_ENABLE_DEBUG_INFO = NO;
				MTL_FAST_MATH = YES;
				SDKROOT = iphoneos;
				SWIFT_COMPILATION_MODE = wholemodule;
				VALIDATE_PRODUCT = YES;
			};
			name = Release;
		};
		2B1627652E6BE162008A6507 /* Debug */ = {
			isa = XCBuildConfiguration;
			buildSettings = {
				BUNDLE_LOADER = "$(TEST_HOST)";
				CODE_SIGN_STYLE = Automatic;
				CURRENT_PROJECT_VERSION = 1;
				GENERATE_INFOPLIST_FILE = YES;
				IPHONEOS_DEPLOYMENT_TARGET = 18.1;
				MARKETING_VERSION = 1.0;
				PRODUCT_BUNDLE_IDENTIFIER = wuyawei.djdaddy.CatAlertTests;
				PRODUCT_NAME = "$(TARGET_NAME)";
				SWIFT_EMIT_LOC_STRINGS = NO;
				SWIFT_VERSION = 5.0;
				TARGETED_DEVICE_FAMILY = "1,2";
				TEST_HOST = "$(BUILT_PRODUCTS_DIR)/CatAlert.app/$(BUNDLE_EXECUTABLE_FOLDER_PATH)/CatAlert";
			};
			name = Debug;
		};
		2B1627662E6BE162008A6507 /* Release */ = {
			isa = XCBuildConfiguration;
			buildSettings = {
				BUNDLE_LOADER = "$(TEST_HOST)";
				CODE_SIGN_STYLE = Automatic;
				CURRENT_PROJECT_VERSION = 1;
				GENERATE_INFOPLIST_FILE = YES;
				IPHONEOS_DEPLOYMENT_TARGET = 18.1;
				MARKETING_VERSION = 1.0;
				PRODUCT_BUNDLE_IDENTIFIER = wuyawei.djdaddy.CatAlertTests;
				PRODUCT_NAME = "$(TARGET_NAME)";
				SWIFT_EMIT_LOC_STRINGS = NO;
				SWIFT_VERSION = 5.0;
				TARGETED_DEVICE_FAMILY = "1,2";
				TEST_HOST = "$(BUILT_PRODUCTS_DIR)/CatAlert.app/$(BUNDLE_EXECUTABLE_FOLDER_PATH)/CatAlert";
			};
			name = Release;
		};
		2B1627682E6BE162008A6507 /* Debug */ = {
			isa = XCBuildConfiguration;
			buildSettings = {
				CODE_SIGN_STYLE = Automatic;
				CURRENT_PROJECT_VERSION = 1;
				GENERATE_INFOPLIST_FILE = YES;
				MARKETING_VERSION = 1.0;
				PRODUCT_BUNDLE_IDENTIFIER = wuyawei.djdaddy.CatAlertUITests;
				PRODUCT_NAME = "$(TARGET_NAME)";
				SWIFT_EMIT_LOC_STRINGS = NO;
				SWIFT_VERSION = 5.0;
				TARGETED_DEVICE_FAMILY = "1,2";
				TEST_TARGET_NAME = CatAlert;
			};
			name = Debug;
		};
		2B1627692E6BE162008A6507 /* Release */ = {
			isa = XCBuildConfiguration;
			buildSettings = {
				CODE_SIGN_STYLE = Automatic;
				CURRENT_PROJECT_VERSION = 1;
				GENERATE_INFOPLIST_FILE = YES;
				MARKETING_VERSION = 1.0;
				PRODUCT_BUNDLE_IDENTIFIER = wuyawei.djdaddy.CatAlertUITests;
				PRODUCT_NAME = "$(TARGET_NAME)";
				SWIFT_EMIT_LOC_STRINGS = NO;
				SWIFT_VERSION = 5.0;
				TARGETED_DEVICE_FAMILY = "1,2";
				TEST_TARGET_NAME = CatAlert;
			};
			name = Release;
		};
/* End XCBuildConfiguration section */

/* Begin XCConfigurationList section */
		2B1627312E6BE15F008A6507 /* Build configuration list for PBXProject "CatAlert" */ = {
			isa = XCConfigurationList;
			buildConfigurations = (
				2B1627622E6BE162008A6507 /* Debug */,
				2B1627632E6BE162008A6507 /* Release */,
			);
			defaultConfigurationIsVisible = 0;
			defaultConfigurationName = Release;
		};
		2B16275F2E6BE162008A6507 /* Build configuration list for PBXNativeTarget "CatAlert" */ = {
			isa = XCConfigurationList;
			buildConfigurations = (
				2B1627602E6BE162008A6507 /* Debug */,
				2B1627612E6BE162008A6507 /* Release */,
			);
			defaultConfigurationIsVisible = 0;
			defaultConfigurationName = Release;
		};
		2B1627642E6BE162008A6507 /* Build configuration list for PBXNativeTarget "CatAlertTests" */ = {
			isa = XCConfigurationList;
			buildConfigurations = (
				2B1627652E6BE162008A6507 /* Debug */,
				2B1627662E6BE162008A6507 /* Release */,
			);
			defaultConfigurationIsVisible = 0;
			defaultConfigurationName = Release;
		};
		2B1627672E6BE162008A6507 /* Build configuration list for PBXNativeTarget "CatAlertUITests" */ = {
			isa = XCConfigurationList;
			buildConfigurations = (
				2B1627682E6BE162008A6507 /* Debug */,
				2B1627692E6BE162008A6507 /* Release */,
			);
			defaultConfigurationIsVisible = 0;
			defaultConfigurationName = Release;
		};
/* End XCConfigurationList section */

/* Begin XCRemoteSwiftPackageReference section */
		2BBDF5B82E6D379B0006186F /* XCRemoteSwiftPackageReference "SnapKit" */ = {
			isa = XCRemoteSwiftPackageReference;
			repositoryURL = "https://github.com/SnapKit/SnapKit.git";
			requirement = {
				kind = upToNextMajorVersion;
				minimumVersion = 5.7.1;
			};
		};
/* End XCRemoteSwiftPackageReference section */

/* Begin XCSwiftPackageProductDependency section */
		2BBDF5B92E6D379B0006186F /* SnapKit */ = {
			isa = XCSwiftPackageProductDependency;
			package = 2BBDF5B82E6D379B0006186F /* XCRemoteSwiftPackageReference "SnapKit" */;
			productName = SnapKit;
		};
/* End XCSwiftPackageProductDependency section */
	};
	rootObject = 2B16272E2E6BE15F008A6507 /* Project object */;
}
